
Microsoft Visual Studio Solution File, Format Version 12.00
# Visual Studio Version 16
VisualStudioVersion = 16.0.31515.178
MinimumVisualStudioVersion = 10.0.40219.1
Project("{FAE04EC0-301F-11D3-BF4B-00C04F79EFBC}") = "lab1.1_OOP", "lab1.1_OOP\lab1.1_OOP.csproj", "{545FE50A-81F4-4C3B-A6B8-87C9E3E508EC}"
EndProject
Global
	GlobalSection(SolutionConfigurationPlatforms) = preSolution
		Debug|Any CPU = Debug|Any CPU
		Release|Any CPU = Release|Any CPU
	EndGlobalSection
	GlobalSection(ProjectConfigurationPlatforms) = postSolution
		{545FE50A-81F4-4C3B-A6B8-87C9E3E508EC}.Debug|Any CPU.ActiveCfg = Debug|Any CPU
		{545FE50A-81F4-4C3B-A6B8-87C9E3E508EC}.Debug|Any CPU.Build.0 = Debug|Any CPU
		{545FE50A-81F4-4C3B-A6B8-87C9E3E508EC}.Release|Any CPU.ActiveCfg = Release|Any CPU
		{545FE50A-81F4-4C3B-A6B8-87C9E3E508EC}.Release|Any CPU.Build.0 = Release|Any CPU
	EndGlobalSection
	GlobalSection(SolutionProperties) = preSolution
		HideSolutionNode = FALSE
	EndGlobalSection
	GlobalSection(ExtensibilityGlobals) = postSolution
		SolutionGuid = {D4748357-1E82-4934-BA8A-0B2D03DD5921}
	EndGlobalSection
EndGlobal
